// !$*UTF8*$!
{
	archiveVersion = 1;
	classes = {
	};
	objectVersion = 48;
	objects = {

/* Begin PBXBuildFile section */
		272DEF06203DD36D00F22F00 /* AppDelegate.swift in Sources */ = {isa = PBXBuildFile; fileRef = 272DEF05203DD36D00F22F00 /* AppDelegate.swift */; };
		272DEF08203DD36D00F22F00 /* ViewController.swift in Sources */ = {isa = PBXBuildFile; fileRef = 272DEF07203DD36D00F22F00 /* ViewController.swift */; };
		272DEF0B203DD36D00F22F00 /* Main.storyboard in Resources */ = {isa = PBXBuildFile; fileRef = 272DEF09203DD36D00F22F00 /* Main.storyboard */; };
		272DEF0D203DD36D00F22F00 /* Assets.xcassets in Resources */ = {isa = PBXBuildFile; fileRef = 272DEF0C203DD36D00F22F00 /* Assets.xcassets */; };
		272DEF10203DD36D00F22F00 /* LaunchScreen.storyboard in Resources */ = {isa = PBXBuildFile; fileRef = 272DEF0E203DD36D00F22F00 /* LaunchScreen.storyboard */; };
		272DEF1B203DD36D00F22F00 /* Click_CounterTests.swift in Sources */ = {isa = PBXBuildFile; fileRef = 272DEF1A203DD36D00F22F00 /* Click_CounterTests.swift */; };
		272DEF26203DD36D00F22F00 /* Click_CounterUITests.swift in Sources */ = {isa = PBXBuildFile; fileRef = 272DEF25203DD36D00F22F00 /* Click_CounterUITests.swift */; };
/* End PBXBuildFile section */

/* Begin PBXContainerItemProxy section */
		272DEF17203DD36D00F22F00 /* PBXContainerItemProxy */ = {
			isa = PBXContainerItemProxy;
			containerPortal = 272DEEFA203DD36D00F22F00 /* Project object */;
			proxyType = 1;
			remoteGlobalIDString = 272DEF01203DD36D00F22F00;
			remoteInfo = "Click-Counter";
		};
		272DEF22203DD36D00F22F00 /* PBXContainerItemProxy */ = {
			isa = PBXContainerItemProxy;
			containerPortal = 272DEEFA203DD36D00F22F00 /* Project object */;
			proxyType = 1;
			remoteGlobalIDString = 272DEF01203DD36D00F22F00;
			remoteInfo = "Click-Counter";
		};
/* End PBXContainerItemProxy section */

/* Begin PBXFileReference section */
		272DEF02203DD36D00F22F00 /* Click-Counter.app */ = {isa = PBXFileReference; explicitFileType = wrapper.application; includeInIndex = 0; path = "Click-Counter.app"; sourceTree = BUILT_PRODUCTS_DIR; };
		272DEF05203DD36D00F22F00 /* AppDelegate.swift */ = {isa = PBXFileReference; lastKnownFileType = sourcecode.swift; path = AppDelegate.swift; sourceTree = "<group>"; };
		272DEF07203DD36D00F22F00 /* ViewController.swift */ = {isa = PBXFileReference; lastKnownFileType = sourcecode.swift; path = ViewController.swift; sourceTree = "<group>"; };
		272DEF0A203DD36D00F22F00 /* Base */ = {isa = PBXFileReference; lastKnownFileType = file.storyboard; name = Base; path = Base.lproj/Main.storyboard; sourceTree = "<group>"; };
		272DEF0C203DD36D00F22F00 /* Assets.xcassets */ = {isa = PBXFileReference; lastKnownFileType = folder.assetcatalog; path = Assets.xcassets; sourceTree = "<group>"; };
		272DEF0F203DD36D00F22F00 /* Base */ = {isa = PBXFileReference; lastKnownFileType = file.storyboard; name = Base; path = Base.lproj/LaunchScreen.storyboard; sourceTree = "<group>"; };
		272DEF11203DD36D00F22F00 /* Info.plist */ = {isa = PBXFileReference; lastKnownFileType = text.plist.xml; path = Info.plist; sourceTree = "<group>"; };
		272DEF16203DD36D00F22F00 /* Click-CounterTests.xctest */ = {isa = PBXFileReference; explicitFileType = wrapper.cfbundle; includeInIndex = 0; path = "Click-CounterTests.xctest"; sourceTree = BUILT_PRODUCTS_DIR; };
		272DEF1A203DD36D00F22F00 /* Click_CounterTests.swift */ = {isa = PBXFileReference; lastKnownFileType = sourcecode.swift; path = Click_CounterTests.swift; sourceTree = "<group>"; };
		272DEF1C203DD36D00F22F00 /* Info.plist */ = {isa = PBXFileReference; lastKnownFileType = text.plist.xml; path = Info.plist; sourceTree = "<group>"; };
		272DEF21203DD36D00F22F00 /* Click-CounterUITests.xctest */ = {isa = PBXFileReference; explicitFileType = wrapper.cfbundle; includeInIndex = 0; path = "Click-CounterUITests.xctest"; sourceTree = BUILT_PRODUCTS_DIR; };
		272DEF25203DD36D00F22F00 /* Click_CounterUITests.swift */ = {isa = PBXFileReference; lastKnownFileType = sourcecode.swift; path = Click_CounterUITests.swift; sourceTree = "<group>"; };
		272DEF27203DD36D00F22F00 /* Info.plist */ = {isa = PBXFileReference; lastKnownFileType = text.plist.xml; path = Info.plist; sourceTree = "<group>"; };
/* End PBXFileReference section */

/* Begin PBXFrameworksBuildPhase section */
		272DEEFF203DD36D00F22F00 /* Frameworks */ = {
			isa = PBXFrameworksBuildPhase;
			buildActionMask = 2147483647;
			files = (
			);
			runOnlyForDeploymentPostprocessing = 0;
		};
		272DEF13203DD36D00F22F00 /* Frameworks */ = {
			isa = PBXFrameworksBuildPhase;
			buildActionMask = 2147483647;
			files = (
			);
			runOnlyForDeploymentPostprocessing = 0;
		};
		272DEF1E203DD36D00F22F00 /* Frameworks */ = {
			isa = PBXFrameworksBuildPhase;
			buildActionMask = 2147483647;
			files = (
			);
			runOnlyForDeploymentPostprocessing = 0;
		};
/* End PBXFrameworksBuildPhase section */

/* Begin PBXGroup section */
		272DEEF9203DD36D00F22F00 = {
			isa = PBXGroup;
			children = (
				272DEF04203DD36D00F22F00 /* Click-Counter */,
				272DEF19203DD36D00F22F00 /* Click-CounterTests */,
				272DEF24203DD36D00F22F00 /* Click-CounterUITests */,
				272DEF03203DD36D00F22F00 /* Products */,
			);
			sourceTree = "<group>";
		};
		272DEF03203DD36D00F22F00 /* Products */ = {
			isa = PBXGroup;
			children = (
				272DEF02203DD36D00F22F00 /* Click-Counter.app */,
				272DEF16203DD36D00F22F00 /* Click-CounterTests.xctest */,
				272DEF21203DD36D00F22F00 /* Click-CounterUITests.xctest */,
			);
			name = Products;
			sourceTree = "<group>";
		};
		272DEF04203DD36D00F22F00 /* Click-Counter */ = {
			isa = PBXGroup;
			children = (
				272DEF05203DD36D00F22F00 /* AppDelegate.swift */,
				272DEF07203DD36D00F22F00 /* ViewController.swift */,
				272DEF09203DD36D00F22F00 /* Main.storyboard */,
				272DEF0C203DD36D00F22F00 /* Assets.xcassets */,
				272DEF0E203DD36D00F22F00 /* LaunchScreen.storyboard */,
				272DEF11203DD36D00F22F00 /* Info.plist */,
			);
			path = "Click-Counter";
			sourceTree = "<group>";
		};
		272DEF19203DD36D00F22F00 /* Click-CounterTests */ = {
			isa = PBXGroup;
			children = (
				272DEF1A203DD36D00F22F00 /* Click_CounterTests.swift */,
				272DEF1C203DD36D00F22F00 /* Info.plist */,
			);
			path = "Click-CounterTests";
			sourceTree = "<group>";
		};
		272DEF24203DD36D00F22F00 /* Click-CounterUITests */ = {
			isa = PBXGroup;
			children = (
				272DEF25203DD36D00F22F00 /* Click_CounterUITests.swift */,
				272DEF27203DD36D00F22F00 /* Info.plist */,
			);
			path = "Click-CounterUITests";
			sourceTree = "<group>";
		};
/* End PBXGroup section */

/* Begin PBXNativeTarget section */
		272DEF01203DD36D00F22F00 /* Click-Counter */ = {
			isa = PBXNativeTarget;
			buildConfigurationList = 272DEF2A203DD36D00F22F00 /* Build configuration list for PBXNativeTarget "Click-Counter" */;
			buildPhases = (
				272DEEFE203DD36D00F22F00 /* Sources */,
				272DEEFF203DD36D00F22F00 /* Frameworks */,
				272DEF00203DD36D00F22F00 /* Resources */,
			);
			buildRules = (
			);
			dependencies = (
			);
			name = "Click-Counter";
			productName = "Click-Counter";
			productReference = 272DEF02203DD36D00F22F00 /* Click-Counter.app */;
			productType = "com.apple.product-type.application";
		};
		272DEF15203DD36D00F22F00 /* Click-CounterTests */ = {
			isa = PBXNativeTarget;
			buildConfigurationList = 272DEF2D203DD36D00F22F00 /* Build configuration list for PBXNativeTarget "Click-CounterTests" */;
			buildPhases = (
				272DEF12203DD36D00F22F00 /* Sources */,
				272DEF13203DD36D00F22F00 /* Frameworks */,
				272DEF14203DD36D00F22F00 /* Resources */,
			);
			buildRules = (
			);
			dependencies = (
				272DEF18203DD36D00F22F00 /* PBXTargetDependency */,
			);
			name = "Click-CounterTests";
			productName = "Click-CounterTests";
			productReference = 272DEF16203DD36D00F22F00 /* Click-CounterTests.xctest */;
			productType = "com.apple.product-type.bundle.unit-test";
		};
		272DEF20203DD36D00F22F00 /* Click-CounterUITests */ = {
			isa = PBXNativeTarget;
			buildConfigurationList = 272DEF30203DD36D00F22F00 /* Build configuration list for PBXNativeTarget "Click-CounterUITests" */;
			buildPhases = (
				272DEF1D203DD36D00F22F00 /* Sources */,
				272DEF1E203DD36D00F22F00 /* Frameworks */,
				272DEF1F203DD36D00F22F00 /* Resources */,
			);
			buildRules = (
			);
			dependencies = (
				272DEF23203DD36D00F22F00 /* PBXTargetDependency */,
			);
			name = "Click-CounterUITests";
			productName = "Click-CounterUITests";
			productReference = 272DEF21203DD36D00F22F00 /* Click-CounterUITests.xctest */;
			productType = "com.apple.product-type.bundle.ui-testing";
		};
/* End PBXNativeTarget section */

/* Begin PBXProject section */
		272DEEFA203DD36D00F22F00 /* Project object */ = {
			isa = PBXProject;
			attributes = {
				LastSwiftUpdateCheck = 0920;
				LastUpgradeCheck = 0920;
				ORGANIZATIONNAME = PakoSt;
				TargetAttributes = {
					272DEF01203DD36D00F22F00 = {
						CreatedOnToolsVersion = 9.2;
						ProvisioningStyle = Automatic;
					};
					272DEF15203DD36D00F22F00 = {
						CreatedOnToolsVersion = 9.2;
						ProvisioningStyle = Automatic;
						TestTargetID = 272DEF01203DD36D00F22F00;
					};
					272DEF20203DD36D00F22F00 = {
						CreatedOnToolsVersion = 9.2;
						ProvisioningStyle = Automatic;
						TestTargetID = 272DEF01203DD36D00F22F00;
					};
				};
			};
			buildConfigurationList = 272DEEFD203DD36D00F22F00 /* Build configuration list for PBXProject "Click-Counter" */;
			compatibilityVersion = "Xcode 8.0";
			developmentRegion = en;
			hasScannedForEncodings = 0;
			knownRegions = (
				en,
				Base,
			);
			mainGroup = 272DEEF9203DD36D00F22F00;
			productRefGroup = 272DEF03203DD36D00F22F00 /* Products */;
			projectDirPath = "";
			projectRoot = "";
			targets = (
				272DEF01203DD36D00F22F00 /* Click-Counter */,
				272DEF15203DD36D00F22F00 /* Click-CounterTests */,
				272DEF20203DD36D00F22F00 /* Click-CounterUITests */,
			);
		};
/* End PBXProject section */

/* Begin PBXResourcesBuildPhase section */
		272DEF00203DD36D00F22F00 /* Resources */ = {
			isa = PBXResourcesBuildPhase;
			buildActionMask = 2147483647;
			files = (
				272DEF10203DD36D00F22F00 /* LaunchScreen.storyboard in Resources */,
				272DEF0D203DD36D00F22F00 /* Assets.xcassets in Resources */,
				272DEF0B203DD36D00F22F00 /* Main.storyboard in Resources */,
			);
			runOnlyForDeploymentPostprocessing = 0;
		};
		272DEF14203DD36D00F22F00 /* Resources */ = {
			isa = PBXResourcesBuildPhase;
			buildActionMask = 2147483647;
			files = (
			);
			runOnlyForDeploymentPostprocessing = 0;
		};
		272DEF1F203DD36D00F22F00 /* Resources */ = {
			isa = PBXResourcesBuildPhase;
			buildActionMask = 2147483647;
			files = (
			);
			runOnlyForDeploymentPostprocessing = 0;
		};
/* End PBXResourcesBuildPhase section */

/* Begin PBXSourcesBuildPhase section */
		272DEEFE203DD36D00F22F00 /* Sources */ = {
			isa = PBXSourcesBuildPhase;
			buildActionMask = 2147483647;
			files = (
				272DEF08203DD36D00F22F00 /* ViewController.swift in Sources */,
				272DEF06203DD36D00F22F00 /* AppDelegate.swift in Sources */,
			);
			runOnlyForDeploymentPostprocessing = 0;
		};
		272DEF12203DD36D00F22F00 /* Sources */ = {
			isa = PBXSourcesBuildPhase;
			buildActionMask = 2147483647;
			files = (
				272DEF1B203DD36D00F22F00 /* Click_CounterTests.swift in Sources */,
			);
			runOnlyForDeploymentPostprocessing = 0;
		};
		272DEF1D203DD36D00F22F00 /* Sources */ = {
			isa = PBXSourcesBuildPhase;
			buildActionMask = 2147483647;
			files = (
				272DEF26203DD36D00F22F00 /* Click_CounterUITests.swift in Sources */,
			);
			runOnlyForDeploymentPostprocessing = 0;
		};
/* End PBXSourcesBuildPhase section */

/* Begin PBXTargetDependency section */
		272DEF18203DD36D00F22F00 /* PBXTargetDependency */ = {
			isa = PBXTargetDependency;
			target = 272DEF01203DD36D00F22F00 /* Click-Counter */;
			targetProxy = 272DEF17203DD36D00F22F00 /* PBXContainerItemProxy */;
		};
		272DEF23203DD36D00F22F00 /* PBXTargetDependency */ = {
			isa = PBXTargetDependency;
			target = 272DEF01203DD36D00F22F00 /* Click-Counter */;
			targetProxy = 272DEF22203DD36D00F22F00 /* PBXContainerItemProxy */;
		};
/* End PBXTargetDependency section */

/* Begin PBXVariantGroup section */
		272DEF09203DD36D00F22F00 /* Main.storyboard */ = {
			isa = PBXVariantGroup;
			children = (
				272DEF0A203DD36D00F22F00 /* Base */,
			);
			name = Main.storyboard;
			sourceTree = "<group>";
		};
		272DEF0E203DD36D00F22F00 /* LaunchScreen.storyboard */ = {
			isa = PBXVariantGroup;
			children = (
				272DEF0F203DD36D00F22F00 /* Base */,
			);
			name = LaunchScreen.storyboard;
			sourceTree = "<group>";
		};
/* End PBXVariantGroup section */

/* Begin XCBuildConfiguration section */
		272DEF28203DD36D00F22F00 /* Debug */ = {
			isa = XCBuildConfiguration;
			buildSettings = {
				ALWAYS_SEARCH_USER_PATHS = NO;
				CLANG_ANALYZER_NONNULL = YES;
				CLANG_ANALYZER_NUMBER_OBJECT_CONVERSION = YES_AGGRESSIVE;
				CLANG_CXX_LANGUAGE_STANDARD = "gnu++14";
				CLANG_CXX_LIBRARY = "libc++";
				CLANG_ENABLE_MODULES = YES;
				CLANG_ENABLE_OBJC_ARC = YES;
				CLANG_WARN_BLOCK_CAPTURE_AUTORELEASING = YES;
				CLANG_WARN_BOOL_CONVERSION = YES;
				CLANG_WARN_COMMA = YES;
				CLANG_WARN_CONSTANT_CONVERSION = YES;
				CLANG_WARN_DIRECT_OBJC_ISA_USAGE = YES_ERROR;
				CLANG_WARN_DOCUMENTATION_COMMENTS = YES;
				CLANG_WARN_EMPTY_BODY = YES;
				CLANG_WARN_ENUM_CONVERSION = YES;
				CLANG_WARN_INFINITE_RECURSION = YES;
				CLANG_WARN_INT_CONVERSION = YES;
				CLANG_WARN_NON_LITERAL_NULL_CONVERSION = YES;
				CLANG_WARN_OBJC_LITERAL_CONVERSION = YES;
				CLANG_WARN_OBJC_ROOT_CLASS = YES_ERROR;
				CLANG_WARN_RANGE_LOOP_ANALYSIS = YES;
				CLANG_WARN_STRICT_PROTOTYPES = YES;
				CLANG_WARN_SUSPICIOUS_MOVE = YES;
				CLANG_WARN_UNGUARDED_AVAILABILITY = YES_AGGRESSIVE;
				CLANG_WARN_UNREACHABLE_CODE = YES;
				CLANG_WARN__DUPLICATE_METHOD_MATCH = YES;
				CODE_SIGN_IDENTITY = "iPhone Developer";
				COPY_PHASE_STRIP = NO;
				DEBUG_INFORMATION_FORMAT = dwarf;
				ENABLE_STRICT_OBJC_MSGSEND = YES;
				ENABLE_TESTABILITY = YES;
				GCC_C_LANGUAGE_STANDARD = gnu11;
				GCC_DYNAMIC_NO_PIC = NO;
				GCC_NO_COMMON_BLOCKS = YES;
				GCC_OPTIMIZATION_LEVEL = 0;
				GCC_PREPROCESSOR_DEFINITIONS = (
					"DEBUG=1",
					"$(inherited)",
				);
				GCC_WARN_64_TO_32_BIT_CONVERSION = YES;
				GCC_WARN_ABOUT_RETURN_TYPE = YES_ERROR;
				GCC_WARN_UNDECLARED_SELECTOR = YES;
				GCC_WARN_UNINITIALIZED_AUTOS = YES_AGGRESSIVE;
				GCC_WARN_UNUSED_FUNCTION = YES;
				GCC_WARN_UNUSED_VARIABLE = YES;
				IPHONEOS_DEPLOYMENT_TARGET = 11.2;
				MTL_ENABLE_DEBUG_INFO = YES;
				ONLY_ACTIVE_ARCH = YES;
				SDKROOT = iphoneos;
				SWIFT_ACTIVE_COMPILATION_CONDITIONS = DEBUG;
				SWIFT_OPTIMIZATION_LEVEL = "-Onone";
			};
			name = Debug;
		};
		272DEF29203DD36D00F22F00 /* Release */ = {
			isa = XCBuildConfiguration;
			buildSettings = {
				ALWAYS_SEARCH_USER_PATHS = NO;
				CLANG_ANALYZER_NONNULL = YES;
				CLANG_ANALYZER_NUMBER_OBJECT_CONVERSION = YES_AGGRESSIVE;
				CLANG_CXX_LANGUAGE_STANDARD = "gnu++14";
				CLANG_CXX_LIBRARY = "libc++";
				CLANG_ENABLE_MODULES = YES;
				CLANG_ENABLE_OBJC_ARC = YES;
				CLANG_WARN_BLOCK_CAPTURE_AUTORELEASING = YES;
				CLANG_WARN_BOOL_CONVERSION = YES;
				CLANG_WARN_COMMA = YES;
				CLANG_WARN_CONSTANT_CONVERSION = YES;
				CLANG_WARN_DIRECT_OBJC_ISA_USAGE = YES_ERROR;
				CLANG_WARN_DOCUMENTATION_COMMENTS = YES;
				CLANG_WARN_EMPTY_BODY = YES;
				CLANG_WARN_ENUM_CONVERSION = YES;
				CLANG_WARN_INFINITE_RECURSION = YES;
				CLANG_WARN_INT_CONVERSION = YES;
				CLANG_WARN_NON_LITERAL_NULL_CONVERSION = YES;
				CLANG_WARN_OBJC_LITERAL_CONVERSION = YES;
				CLANG_WARN_OBJC_ROOT_CLASS = YES_ERROR;
				CLANG_WARN_RANGE_LOOP_ANALYSIS = YES;
				CLANG_WARN_STRICT_PROTOTYPES = YES;
				CLANG_WARN_SUSPICIOUS_MOVE = YES;
				CLANG_WARN_UNGUARDED_AVAILABILITY = YES_AGGRESSIVE;
				CLANG_WARN_UNREACHABLE_CODE = YES;
				CLANG_WARN__DUPLICATE_METHOD_MATCH = YES;
				CODE_SIGN_IDENTITY = "iPhone Developer";
				COPY_PHASE_STRIP = NO;
				DEBUG_INFORMATION_FORMAT = "dwarf-with-dsym";
				ENABLE_NS_ASSERTIONS = NO;
				ENABLE_STRICT_OBJC_MSGSEND = YES;
				GCC_C_LANGUAGE_STANDARD = gnu11;
				GCC_NO_COMMON_BLOCKS = YES;
				GCC_WARN_64_TO_32_BIT_CONVERSION = YES;
				GCC_WARN_ABOUT_RETURN_TYPE = YES_ERROR;
				GCC_WARN_UNDECLARED_SELECTOR = YES;
				GCC_WARN_UNINITIALIZED_AUTOS = YES_AGGRESSIVE;
				GCC_WARN_UNUSED_FUNCTION = YES;
				GCC_WARN_UNUSED_VARIABLE = YES;
				IPHONEOS_DEPLOYMENT_TARGET = 11.2;
				MTL_ENABLE_DEBUG_INFO = NO;
				SDKROOT = iphoneos;
				SWIFT_OPTIMIZATION_LEVEL = "-Owholemodule";
				VALIDATE_PRODUCT = YES;
			};
			name = Release;
		};
		272DEF2B203DD36D00F22F00 /* Debug */ = {
			isa = XCBuildConfiguration;
			buildSettings = {
				ASSETCATALOG_COMPILER_APPICON_NAME = AppIcon;
				CODE_SIGN_STYLE = Automatic;
				INFOPLIST_FILE = "Click-Counter/Info.plist";
				LD_RUNPATH_SEARCH_PATHS = "$(inherited) @executable_path/Frameworks";
				PRODUCT_BUNDLE_IDENTIFIER = "com.paskalstoyanov.Click-Counter";
				PRODUCT_NAME = "$(TARGET_NAME)";
				SWIFT_VERSION = 4.0;
				TARGETED_DEVICE_FAMILY = "1,2";
			};
			name = Debug;
		};
		272DEF2C203DD36D00F22F00 /* Release */ = {
			isa = XCBuildConfiguration;
			buildSettings = {
				ASSETCATALOG_COMPILER_APPICON_NAME = AppIcon;
				CODE_SIGN_STYLE = Automatic;
				INFOPLIST_FILE = "Click-Counter/Info.plist";
				LD_RUNPATH_SEARCH_PATHS = "$(inherited) @executable_path/Frameworks";
				PRODUCT_BUNDLE_IDENTIFIER = "com.paskalstoyanov.Click-Counter";
				PRODUCT_NAME = "$(TARGET_NAME)";
				SWIFT_VERSION = 4.0;
				TARGETED_DEVICE_FAMILY = "1,2";
			};
			name = Release;
		};
		272DEF2E203DD36D00F22F00 /* Debug */ = {
			isa = XCBuildConfiguration;
			buildSettings = {
				ALWAYS_EMBED_SWIFT_STANDARD_LIBRARIES = YES;
				BUNDLE_LOADER = "$(TEST_HOST)";
				CODE_SIGN_STYLE = Automatic;
				INFOPLIST_FILE = "Click-CounterTests/Info.plist";
				LD_RUNPATH_SEARCH_PATHS = "$(inherited) @executable_path/Frameworks @loader_path/Frameworks";
				PRODUCT_BUNDLE_IDENTIFIER = "com.paskalstoyanov.Click-CounterTests";
				PRODUCT_NAME = "$(TARGET_NAME)";
				SWIFT_VERSION = 4.0;
				TARGETED_DEVICE_FAMILY = "1,2";
				TEST_HOST = "$(BUILT_PRODUCTS_DIR)/Click-Counter.app/Click-Counter";
			};
			name = Debug;
		};
		272DEF2F203DD36D00F22F00 /* Release */ = {
			isa = XCBuildConfiguration;
			buildSettings = {
				ALWAYS_EMBED_SWIFT_STANDARD_LIBRARIES = YES;
				BUNDLE_LOADER = "$(TEST_HOST)";
				CODE_SIGN_STYLE = Automatic;
				INFOPLIST_FILE = "Click-CounterTests/Info.plist";
				LD_RUNPATH_SEARCH_PATHS = "$(inherited) @executable_path/Frameworks @loader_path/Frameworks";
				PRODUCT_BUNDLE_IDENTIFIER = "com.paskalstoyanov.Click-CounterTests";
				PRODUCT_NAME = "$(TARGET_NAME)";
				SWIFT_VERSION = 4.0;
				TARGETED_DEVICE_FAMILY = "1,2";
				TEST_HOST = "$(BUILT_PRODUCTS_DIR)/Click-Counter.app/Click-Counter";
			};
			name = Release;
		};
		272DEF31203DD36D00F22F00 /* Debug */ = {
			isa = XCBuildConfiguration;
			buildSettings = {
				ALWAYS_EMBED_SWIFT_STANDARD_LIBRARIES = YES;
				CODE_SIGN_STYLE = Automatic;
				INFOPLIST_FILE = "Click-CounterUITests/Info.plist";
				LD_RUNPATH_SEARCH_PATHS = "$(inherited) @executable_path/Frameworks @loader_path/Frameworks";
				PRODUCT_BUNDLE_IDENTIFIER = "com.paskalstoyanov.Click-CounterUITests";
				PRODUCT_NAME = "$(TARGET_NAME)";
				SWIFT_VERSION = 4.0;
				TARGETED_DEVICE_FAMILY = "1,2";
				TEST_TARGET_NAME = "Click-Counter";
			};
			name = Debug;
		};
		272DEF32203DD36D00F22F00 /* Release */ = {
			isa = XCBuildConfiguration;
			buildSettings = {
				ALWAYS_EMBED_SWIFT_STANDARD_LIBRARIES = YES;
				CODE_SIGN_STYLE = Automatic;
				INFOPLIST_FILE = "Click-CounterUITests/Info.plist";
				LD_RUNPATH_SEARCH_PATHS = "$(inherited) @executable_path/Frameworks @loader_path/Frameworks";
				PRODUCT_BUNDLE_IDENTIFIER = "com.paskalstoyanov.Click-CounterUITests";
				PRODUCT_NAME = "$(TARGET_NAME)";
				SWIFT_VERSION = 4.0;
				TARGETED_DEVICE_FAMILY = "1,2";
				TEST_TARGET_NAME = "Click-Counter";
			};
			name = Release;
		};
/* End XCBuildConfiguration section */

/* Begin XCConfigurationList section */
		272DEEFD203DD36D00F22F00 /* Build configuration list for PBXProject "Click-Counter" */ = {
			isa = XCConfigurationList;
			buildConfigurations = (
				272DEF28203DD36D00F22F00 /* Debug */,
				272DEF29203DD36D00F22F00 /* Release */,
			);
			defaultConfigurationIsVisible = 0;
			defaultConfigurationName = Release;
		};
		272DEF2A203DD36D00F22F00 /* Build configuration list for PBXNativeTarget "Click-Counter" */ = {
			isa = XCConfigurationList;
			buildConfigurations = (
				272DEF2B203DD36D00F22F00 /* Debug */,
				272DEF2C203DD36D00F22F00 /* Release */,
			);
			defaultConfigurationIsVisible = 0;
			defaultConfigurationName = Release;
		};
		272DEF2D203DD36D00F22F00 /* Build configuration list for PBXNativeTarget "Click-CounterTests" */ = {
			isa = XCConfigurationList;
			buildConfigurations = (
				272DEF2E203DD36D00F22F00 /* Debug */,
				272DEF2F203DD36D00F22F00 /* Release */,
			);
			defaultConfigurationIsVisible = 0;
			defaultConfigurationName = Release;
		};
		272DEF30203DD36D00F22F00 /* Build configuration list for PBXNativeTarget "Click-CounterUITests" */ = {
			isa = XCConfigurationList;
			buildConfigurations = (
				272DEF31203DD36D00F22F00 /* Debug */,
				272DEF32203DD36D00F22F00 /* Release */,
			);
			defaultConfigurationIsVisible = 0;
			defaultConfigurationName = Release;
		};
/* End XCConfigurationList section */
	};
	rootObject = 272DEEFA203DD36D00F22F00 /* Project object */;
}
